// !$*UTF8*$!
{
	archiveVersion = 1;
	classes = {
	};
	objectVersion = 56;
	objects = {

/* Begin PBXBuildFile section */
		7CD24AF8B798BE62BE535D14 /* Pods_all_done.framework in Frameworks */ = {isa = PBXBuildFile; fileRef = C44EA243DF2EC2B020323FBF /* Pods_all_done.framework */; };
		CF31325E29782D3900B6D291 /* all_doneApp.swift in Sources */ = {isa = PBXBuildFile; fileRef = CF31325D29782D3900B6D291 /* all_doneApp.swift */; };
		CF31326029782D3900B6D291 /* ContentView.swift in Sources */ = {isa = PBXBuildFile; fileRef = CF31325F29782D3900B6D291 /* ContentView.swift */; };
		CF31326229782D3A00B6D291 /* Assets.xcassets in Resources */ = {isa = PBXBuildFile; fileRef = CF31326129782D3A00B6D291 /* Assets.xcassets */; };
		CF31326529782D3A00B6D291 /* Preview Assets.xcassets in Resources */ = {isa = PBXBuildFile; fileRef = CF31326429782D3A00B6D291 /* Preview Assets.xcassets */; };
		CF3132712978325100B6D291 /* LoginView.swift in Sources */ = {isa = PBXBuildFile; fileRef = CF3132702978325100B6D291 /* LoginView.swift */; };
		CF3132752978332100B6D291 /* SignupView.swift in Sources */ = {isa = PBXBuildFile; fileRef = CF3132742978332100B6D291 /* SignupView.swift */; };
		CF3132772978342700B6D291 /* BackgroundGradientView.swift in Sources */ = {isa = PBXBuildFile; fileRef = CF3132762978342700B6D291 /* BackgroundGradientView.swift */; };
		CF3132792978369500B6D291 /* LogoView.swift in Sources */ = {isa = PBXBuildFile; fileRef = CF3132782978369500B6D291 /* LogoView.swift */; };
		CF320184298138BA00E6F422 /* MockData.swift in Sources */ = {isa = PBXBuildFile; fileRef = CF320183298138BA00E6F422 /* MockData.swift */; };
		CF32018729813B4400E6F422 /* AuthViewModel.swift in Sources */ = {isa = PBXBuildFile; fileRef = CF32018629813B4400E6F422 /* AuthViewModel.swift */; };
		CF3201892981417E00E6F422 /* DashboardView.swift in Sources */ = {isa = PBXBuildFile; fileRef = CF3201882981417E00E6F422 /* DashboardView.swift */; };
		CF380C1F29802B8B00A3D921 /* Constants.swift in Sources */ = {isa = PBXBuildFile; fileRef = CF380C1E29802B8B00A3D921 /* Constants.swift */; };
		CF380C2229802C7C00A3D921 /* AppUser.swift in Sources */ = {isa = PBXBuildFile; fileRef = CF380C2129802C7C00A3D921 /* AppUser.swift */; };
		CF380C2429802E3500A3D921 /* TODO.swift in Sources */ = {isa = PBXBuildFile; fileRef = CF380C2329802E3500A3D921 /* TODO.swift */; };
		CF380C2629802EF300A3D921 /* SelectedButton.swift in Sources */ = {isa = PBXBuildFile; fileRef = CF380C2529802EF300A3D921 /* SelectedButton.swift */; };
		CF722345297E8D5700085579 /* CustomTextField.swift in Sources */ = {isa = PBXBuildFile; fileRef = CF722344297E8D5700085579 /* CustomTextField.swift */; };
		CF722348297E915600085579 /* EmailTextField.swift in Sources */ = {isa = PBXBuildFile; fileRef = CF722347297E915600085579 /* EmailTextField.swift */; };
		CF72234A297E961400085579 /* CustomSecureField.swift in Sources */ = {isa = PBXBuildFile; fileRef = CF722349297E961400085579 /* CustomSecureField.swift */; };
		CF72234E297E9AD100085579 /* PasswordSecureField.swift in Sources */ = {isa = PBXBuildFile; fileRef = CF72234D297E9AD100085579 /* PasswordSecureField.swift */; };
		CF722350297EA0F300085579 /* AuthenticateButtonView.swift in Sources */ = {isa = PBXBuildFile; fileRef = CF72234F297EA0F300085579 /* AuthenticateButtonView.swift */; };
		CFA52305297ECDC30091EDCC /* GoogleService-Info.plist in Resources */ = {isa = PBXBuildFile; fileRef = CFA52304297ECDC20091EDCC /* GoogleService-Info.plist */; };
		CFA52307297ED1390091EDCC /* UserTextField.swift in Sources */ = {isa = PBXBuildFile; fileRef = CFA52306297ED1390091EDCC /* UserTextField.swift */; };
/* End PBXBuildFile section */

/* Begin PBXFileReference section */
		522D5F20C8A84EE1CA8A8C06 /* Pods-all-done.release.xcconfig */ = {isa = PBXFileReference; includeInIndex = 1; lastKnownFileType = text.xcconfig; name = "Pods-all-done.release.xcconfig"; path = "Target Support Files/Pods-all-done/Pods-all-done.release.xcconfig"; sourceTree = "<group>"; };
		C44EA243DF2EC2B020323FBF /* Pods_all_done.framework */ = {isa = PBXFileReference; explicitFileType = wrapper.framework; includeInIndex = 0; path = Pods_all_done.framework; sourceTree = BUILT_PRODUCTS_DIR; };
		C4B4C143753746AD6E57F3A0 /* Pods-all-done.debug.xcconfig */ = {isa = PBXFileReference; includeInIndex = 1; lastKnownFileType = text.xcconfig; name = "Pods-all-done.debug.xcconfig"; path = "Target Support Files/Pods-all-done/Pods-all-done.debug.xcconfig"; sourceTree = "<group>"; };
		CF31325A29782D3900B6D291 /* all-done.app */ = {isa = PBXFileReference; explicitFileType = wrapper.application; includeInIndex = 0; path = "all-done.app"; sourceTree = BUILT_PRODUCTS_DIR; };
		CF31325D29782D3900B6D291 /* all_doneApp.swift */ = {isa = PBXFileReference; lastKnownFileType = sourcecode.swift; path = all_doneApp.swift; sourceTree = "<group>"; };
		CF31325F29782D3900B6D291 /* ContentView.swift */ = {isa = PBXFileReference; lastKnownFileType = sourcecode.swift; path = ContentView.swift; sourceTree = "<group>"; };
		CF31326129782D3A00B6D291 /* Assets.xcassets */ = {isa = PBXFileReference; lastKnownFileType = folder.assetcatalog; path = Assets.xcassets; sourceTree = "<group>"; };
		CF31326429782D3A00B6D291 /* Preview Assets.xcassets */ = {isa = PBXFileReference; lastKnownFileType = folder.assetcatalog; path = "Preview Assets.xcassets"; sourceTree = "<group>"; };
		CF3132702978325100B6D291 /* LoginView.swift */ = {isa = PBXFileReference; lastKnownFileType = sourcecode.swift; path = LoginView.swift; sourceTree = "<group>"; };
		CF3132742978332100B6D291 /* SignupView.swift */ = {isa = PBXFileReference; lastKnownFileType = sourcecode.swift; path = SignupView.swift; sourceTree = "<group>"; };
		CF3132762978342700B6D291 /* BackgroundGradientView.swift */ = {isa = PBXFileReference; lastKnownFileType = sourcecode.swift; path = BackgroundGradientView.swift; sourceTree = "<group>"; };
		CF3132782978369500B6D291 /* LogoView.swift */ = {isa = PBXFileReference; lastKnownFileType = sourcecode.swift; path = LogoView.swift; sourceTree = "<group>"; };
		CF320183298138BA00E6F422 /* MockData.swift */ = {isa = PBXFileReference; lastKnownFileType = sourcecode.swift; path = MockData.swift; sourceTree = "<group>"; };
		CF32018629813B4400E6F422 /* AuthViewModel.swift */ = {isa = PBXFileReference; lastKnownFileType = sourcecode.swift; path = AuthViewModel.swift; sourceTree = "<group>"; };
		CF3201882981417E00E6F422 /* DashboardView.swift */ = {isa = PBXFileReference; lastKnownFileType = sourcecode.swift; path = DashboardView.swift; sourceTree = "<group>"; };
		CF380C1E29802B8B00A3D921 /* Constants.swift */ = {isa = PBXFileReference; lastKnownFileType = sourcecode.swift; path = Constants.swift; sourceTree = "<group>"; };
		CF380C2129802C7C00A3D921 /* AppUser.swift */ = {isa = PBXFileReference; lastKnownFileType = sourcecode.swift; path = AppUser.swift; sourceTree = "<group>"; };
		CF380C2329802E3500A3D921 /* TODO.swift */ = {isa = PBXFileReference; lastKnownFileType = sourcecode.swift; path = TODO.swift; sourceTree = "<group>"; };
		CF380C2529802EF300A3D921 /* SelectedButton.swift */ = {isa = PBXFileReference; lastKnownFileType = sourcecode.swift; path = SelectedButton.swift; sourceTree = "<group>"; };
		CF722344297E8D5700085579 /* CustomTextField.swift */ = {isa = PBXFileReference; lastKnownFileType = sourcecode.swift; path = CustomTextField.swift; sourceTree = "<group>"; };
		CF722347297E915600085579 /* EmailTextField.swift */ = {isa = PBXFileReference; lastKnownFileType = sourcecode.swift; path = EmailTextField.swift; sourceTree = "<group>"; };
		CF722349297E961400085579 /* CustomSecureField.swift */ = {isa = PBXFileReference; lastKnownFileType = sourcecode.swift; path = CustomSecureField.swift; sourceTree = "<group>"; };
		CF72234D297E9AD100085579 /* PasswordSecureField.swift */ = {isa = PBXFileReference; lastKnownFileType = sourcecode.swift; path = PasswordSecureField.swift; sourceTree = "<group>"; };
		CF72234F297EA0F300085579 /* AuthenticateButtonView.swift */ = {isa = PBXFileReference; lastKnownFileType = sourcecode.swift; path = AuthenticateButtonView.swift; sourceTree = "<group>"; };
		CFA52301297EC9A10091EDCC /* Info.plist */ = {isa = PBXFileReference; lastKnownFileType = text.plist; path = Info.plist; sourceTree = "<group>"; };
		CFA52304297ECDC20091EDCC /* GoogleService-Info.plist */ = {isa = PBXFileReference; fileEncoding = 4; lastKnownFileType = text.plist.xml; path = "GoogleService-Info.plist"; sourceTree = "<group>"; };
		CFA52306297ED1390091EDCC /* UserTextField.swift */ = {isa = PBXFileReference; lastKnownFileType = sourcecode.swift; path = UserTextField.swift; sourceTree = "<group>"; };
/* End PBXFileReference section */

/* Begin PBXFrameworksBuildPhase section */
		CF31325729782D3900B6D291 /* Frameworks */ = {
			isa = PBXFrameworksBuildPhase;
			buildActionMask = 2147483647;
			files = (
				7CD24AF8B798BE62BE535D14 /* Pods_all_done.framework in Frameworks */,
			);
			runOnlyForDeploymentPostprocessing = 0;
		};
/* End PBXFrameworksBuildPhase section */

/* Begin PBXGroup section */
		356D87F825AD8F6D6E354F4B /* Frameworks */ = {
			isa = PBXGroup;
			children = (
				C44EA243DF2EC2B020323FBF /* Pods_all_done.framework */,
			);
			name = Frameworks;
			sourceTree = "<group>";
		};
		4E10009A2D48F200D4A75AB4 /* Pods */ = {
			isa = PBXGroup;
			children = (
				C4B4C143753746AD6E57F3A0 /* Pods-all-done.debug.xcconfig */,
				522D5F20C8A84EE1CA8A8C06 /* Pods-all-done.release.xcconfig */,
			);
			path = Pods;
			sourceTree = "<group>";
		};
		CF31325129782D3900B6D291 = {
			isa = PBXGroup;
			children = (
				CFA52304297ECDC20091EDCC /* GoogleService-Info.plist */,
				CF31325C29782D3900B6D291 /* all-done */,
				CF31325B29782D3900B6D291 /* Products */,
				4E10009A2D48F200D4A75AB4 /* Pods */,
				356D87F825AD8F6D6E354F4B /* Frameworks */,
			);
			sourceTree = "<group>";
		};
		CF31325B29782D3900B6D291 /* Products */ = {
			isa = PBXGroup;
			children = (
				CF31325A29782D3900B6D291 /* all-done.app */,
			);
			name = Products;
			sourceTree = "<group>";
		};
		CF31325C29782D3900B6D291 /* all-done */ = {
			isa = PBXGroup;
			children = (
				CF32018529813B3300E6F422 /* ViewModel */,
				CF380C2029802C6A00A3D921 /* Model */,
				CF380C1D29802B7900A3D921 /* Utils */,
				CFA52301297EC9A10091EDCC /* Info.plist */,
				CF31326C2978317500B6D291 /* View */,
				CF31325D29782D3900B6D291 /* all_doneApp.swift */,
				CF31325F29782D3900B6D291 /* ContentView.swift */,
				CF31326129782D3A00B6D291 /* Assets.xcassets */,
				CF31326329782D3A00B6D291 /* Preview Content */,
			);
			path = "all-done";
			sourceTree = "<group>";
		};
		CF31326329782D3A00B6D291 /* Preview Content */ = {
			isa = PBXGroup;
			children = (
				CF31326429782D3A00B6D291 /* Preview Assets.xcassets */,
			);
			path = "Preview Content";
			sourceTree = "<group>";
		};
		CF31326C2978317500B6D291 /* View */ = {
			isa = PBXGroup;
			children = (
				CF313273297832E800B6D291 /* Authentication */,
				CF313272297832B700B6D291 /* Utils */,
				CF3201882981417E00E6F422 /* DashboardView.swift */,
			);
			path = View;
			sourceTree = "<group>";
		};
		CF313272297832B700B6D291 /* Utils */ = {
			isa = PBXGroup;
			children = (
				CF722346297E913900085579 /* TextFields */,
				CF3132762978342700B6D291 /* BackgroundGradientView.swift */,
				CF3132782978369500B6D291 /* LogoView.swift */,
				CF72234F297EA0F300085579 /* AuthenticateButtonView.swift */,
			);
			path = Utils;
			sourceTree = "<group>";
		};
		CF313273297832E800B6D291 /* Authentication */ = {
			isa = PBXGroup;
			children = (
				CF3132702978325100B6D291 /* LoginView.swift */,
				CF3132742978332100B6D291 /* SignupView.swift */,
			);
			path = Authentication;
			sourceTree = "<group>";
		};
		CF32018529813B3300E6F422 /* ViewModel */ = {
			isa = PBXGroup;
			children = (
				CF32018629813B4400E6F422 /* AuthViewModel.swift */,
			);
			path = ViewModel;
			sourceTree = "<group>";
		};
		CF380C1D29802B7900A3D921 /* Utils */ = {
			isa = PBXGroup;
			children = (
				CF380C1E29802B8B00A3D921 /* Constants.swift */,
			);
			path = Utils;
			sourceTree = "<group>";
		};
		CF380C2029802C6A00A3D921 /* Model */ = {
			isa = PBXGroup;
			children = (
				CF380C2129802C7C00A3D921 /* AppUser.swift */,
				CF380C2329802E3500A3D921 /* TODO.swift */,
				CF380C2529802EF300A3D921 /* SelectedButton.swift */,
				CF320183298138BA00E6F422 /* MockData.swift */,
			);
			path = Model;
			sourceTree = "<group>";
		};
		CF722346297E913900085579 /* TextFields */ = {
			isa = PBXGroup;
			children = (
				CF722344297E8D5700085579 /* CustomTextField.swift */,
				CF722347297E915600085579 /* EmailTextField.swift */,
				CF722349297E961400085579 /* CustomSecureField.swift */,
				CF72234D297E9AD100085579 /* PasswordSecureField.swift */,
				CFA52306297ED1390091EDCC /* UserTextField.swift */,
			);
			path = TextFields;
			sourceTree = "<group>";
		};
/* End PBXGroup section */

/* Begin PBXNativeTarget section */
		CF31325929782D3900B6D291 /* all-done */ = {
			isa = PBXNativeTarget;
			buildConfigurationList = CF31326829782D3A00B6D291 /* Build configuration list for PBXNativeTarget "all-done" */;
			buildPhases = (
				6032843F6AB43F1BBBC843FD /* [CP] Check Pods Manifest.lock */,
				CF31325629782D3900B6D291 /* Sources */,
				CF31325729782D3900B6D291 /* Frameworks */,
				CF31325829782D3900B6D291 /* Resources */,
				025EF16EA3C740F4638794B8 /* [CP] Embed Pods Frameworks */,
			);
			buildRules = (
			);
			dependencies = (
			);
			name = "all-done";
			productName = "all-done";
			productReference = CF31325A29782D3900B6D291 /* all-done.app */;
			productType = "com.apple.product-type.application";
		};
/* End PBXNativeTarget section */

/* Begin PBXProject section */
		CF31325229782D3900B6D291 /* Project object */ = {
			isa = PBXProject;
			attributes = {
				BuildIndependentTargetsInParallel = 1;
				LastSwiftUpdateCheck = 1420;
				LastUpgradeCheck = 1420;
				TargetAttributes = {
					CF31325929782D3900B6D291 = {
						CreatedOnToolsVersion = 14.2;
					};
				};
			};
			buildConfigurationList = CF31325529782D3900B6D291 /* Build configuration list for PBXProject "all-done" */;
			compatibilityVersion = "Xcode 14.0";
			developmentRegion = en;
			hasScannedForEncodings = 0;
			knownRegions = (
				en,
				Base,
			);
			mainGroup = CF31325129782D3900B6D291;
			productRefGroup = CF31325B29782D3900B6D291 /* Products */;
			projectDirPath = "";
			projectRoot = "";
			targets = (
				CF31325929782D3900B6D291 /* all-done */,
			);
		};
/* End PBXProject section */

/* Begin PBXResourcesBuildPhase section */
		CF31325829782D3900B6D291 /* Resources */ = {
			isa = PBXResourcesBuildPhase;
			buildActionMask = 2147483647;
			files = (
				CF31326529782D3A00B6D291 /* Preview Assets.xcassets in Resources */,
				CF31326229782D3A00B6D291 /* Assets.xcassets in Resources */,
				CFA52305297ECDC30091EDCC /* GoogleService-Info.plist in Resources */,
			);
			runOnlyForDeploymentPostprocessing = 0;
		};
/* End PBXResourcesBuildPhase section */

/* Begin PBXShellScriptBuildPhase section */
		025EF16EA3C740F4638794B8 /* [CP] Embed Pods Frameworks */ = {
			isa = PBXShellScriptBuildPhase;
			buildActionMask = 2147483647;
			files = (
			);
			inputFileListPaths = (
				"${PODS_ROOT}/Target Support Files/Pods-all-done/Pods-all-done-frameworks-${CONFIGURATION}-input-files.xcfilelist",
			);
			name = "[CP] Embed Pods Frameworks";
			outputFileListPaths = (
				"${PODS_ROOT}/Target Support Files/Pods-all-done/Pods-all-done-frameworks-${CONFIGURATION}-output-files.xcfilelist",
			);
			runOnlyForDeploymentPostprocessing = 0;
			shellPath = /bin/sh;
			shellScript = "\"${PODS_ROOT}/Target Support Files/Pods-all-done/Pods-all-done-frameworks.sh\"\n";
			showEnvVarsInLog = 0;
		};
		6032843F6AB43F1BBBC843FD /* [CP] Check Pods Manifest.lock */ = {
			isa = PBXShellScriptBuildPhase;
			buildActionMask = 2147483647;
			files = (
			);
			inputFileListPaths = (
			);
			inputPaths = (
				"${PODS_PODFILE_DIR_PATH}/Podfile.lock",
				"${PODS_ROOT}/Manifest.lock",
			);
			name = "[CP] Check Pods Manifest.lock";
			outputFileListPaths = (
			);
			outputPaths = (
				"$(DERIVED_FILE_DIR)/Pods-all-done-checkManifestLockResult.txt",
			);
			runOnlyForDeploymentPostprocessing = 0;
			shellPath = /bin/sh;
			shellScript = "diff \"${PODS_PODFILE_DIR_PATH}/Podfile.lock\" \"${PODS_ROOT}/Manifest.lock\" > /dev/null\nif [ $? != 0 ] ; then\n    # print error to STDERR\n    echo \"error: The sandbox is not in sync with the Podfile.lock. Run 'pod install' or update your CocoaPods installation.\" >&2\n    exit 1\nfi\n# This output is used by Xcode 'outputs' to avoid re-running this script phase.\necho \"SUCCESS\" > \"${SCRIPT_OUTPUT_FILE_0}\"\n";
			showEnvVarsInLog = 0;
		};
/* End PBXShellScriptBuildPhase section */

/* Begin PBXSourcesBuildPhase section */
		CF31325629782D3900B6D291 /* Sources */ = {
			isa = PBXSourcesBuildPhase;
			buildActionMask = 2147483647;
			files = (
				CF380C2229802C7C00A3D921 /* AppUser.swift in Sources */,
				CF722348297E915600085579 /* EmailTextField.swift in Sources */,
				CF722345297E8D5700085579 /* CustomTextField.swift in Sources */,
				CF320184298138BA00E6F422 /* MockData.swift in Sources */,
				CFA52307297ED1390091EDCC /* UserTextField.swift in Sources */,
				CF380C2629802EF300A3D921 /* SelectedButton.swift in Sources */,
				CF3132752978332100B6D291 /* SignupView.swift in Sources */,
				CF380C2429802E3500A3D921 /* TODO.swift in Sources */,
				CF3201892981417E00E6F422 /* DashboardView.swift in Sources */,
				CF32018729813B4400E6F422 /* AuthViewModel.swift in Sources */,
				CF3132792978369500B6D291 /* LogoView.swift in Sources */,
				CF72234E297E9AD100085579 /* PasswordSecureField.swift in Sources */,
				CF3132712978325100B6D291 /* LoginView.swift in Sources */,
				CF380C1F29802B8B00A3D921 /* Constants.swift in Sources */,
				CF722350297EA0F300085579 /* AuthenticateButtonView.swift in Sources */,
				CF31326029782D3900B6D291 /* ContentView.swift in Sources */,
				CF3132772978342700B6D291 /* BackgroundGradientView.swift in Sources */,
				CF72234A297E961400085579 /* CustomSecureField.swift in Sources */,
				CF31325E29782D3900B6D291 /* all_doneApp.swift in Sources */,
			);
			runOnlyForDeploymentPostprocessing = 0;
		};
/* End PBXSourcesBuildPhase section */

/* Begin XCBuildConfiguration section */
		CF31326629782D3A00B6D291 /* Debug */ = {
			isa = XCBuildConfiguration;
			buildSettings = {
				ALWAYS_SEARCH_USER_PATHS = NO;
				CLANG_ANALYZER_NONNULL = YES;
				CLANG_ANALYZER_NUMBER_OBJECT_CONVERSION = YES_AGGRESSIVE;
				CLANG_CXX_LANGUAGE_STANDARD = "gnu++20";
				CLANG_ENABLE_MODULES = YES;
				CLANG_ENABLE_OBJC_ARC = YES;
				CLANG_ENABLE_OBJC_WEAK = YES;
				CLANG_WARN_BLOCK_CAPTURE_AUTORELEASING = YES;
				CLANG_WARN_BOOL_CONVERSION = YES;
				CLANG_WARN_COMMA = YES;
				CLANG_WARN_CONSTANT_CONVERSION = YES;
				CLANG_WARN_DEPRECATED_OBJC_IMPLEMENTATIONS = YES;
				CLANG_WARN_DIRECT_OBJC_ISA_USAGE = YES_ERROR;
				CLANG_WARN_DOCUMENTATION_COMMENTS = YES;
				CLANG_WARN_EMPTY_BODY = YES;
				CLANG_WARN_ENUM_CONVERSION = YES;
				CLANG_WARN_INFINITE_RECURSION = YES;
				CLANG_WARN_INT_CONVERSION = YES;
				CLANG_WARN_NON_LITERAL_NULL_CONVERSION = YES;
				CLANG_WARN_OBJC_IMPLICIT_RETAIN_SELF = YES;
				CLANG_WARN_OBJC_LITERAL_CONVERSION = YES;
				CLANG_WARN_OBJC_ROOT_CLASS = YES_ERROR;
				CLANG_WARN_QUOTED_INCLUDE_IN_FRAMEWORK_HEADER = YES;
				CLANG_WARN_RANGE_LOOP_ANALYSIS = YES;
				CLANG_WARN_STRICT_PROTOTYPES = YES;
				CLANG_WARN_SUSPICIOUS_MOVE = YES;
				CLANG_WARN_UNGUARDED_AVAILABILITY = YES_AGGRESSIVE;
				CLANG_WARN_UNREACHABLE_CODE = YES;
				CLANG_WARN__DUPLICATE_METHOD_MATCH = YES;
				COPY_PHASE_STRIP = NO;
				DEBUG_INFORMATION_FORMAT = dwarf;
				ENABLE_STRICT_OBJC_MSGSEND = YES;
				ENABLE_TESTABILITY = YES;
				GCC_C_LANGUAGE_STANDARD = gnu11;
				GCC_DYNAMIC_NO_PIC = NO;
				GCC_NO_COMMON_BLOCKS = YES;
				GCC_OPTIMIZATION_LEVEL = 0;
				GCC_PREPROCESSOR_DEFINITIONS = (
					"DEBUG=1",
					"$(inherited)",
				);
				GCC_WARN_64_TO_32_BIT_CONVERSION = YES;
				GCC_WARN_ABOUT_RETURN_TYPE = YES_ERROR;
				GCC_WARN_UNDECLARED_SELECTOR = YES;
				GCC_WARN_UNINITIALIZED_AUTOS = YES_AGGRESSIVE;
				GCC_WARN_UNUSED_FUNCTION = YES;
				GCC_WARN_UNUSED_VARIABLE = YES;
				IPHONEOS_DEPLOYMENT_TARGET = 16.2;
				MTL_ENABLE_DEBUG_INFO = INCLUDE_SOURCE;
				MTL_FAST_MATH = YES;
				ONLY_ACTIVE_ARCH = YES;
				SDKROOT = iphoneos;
				SWIFT_ACTIVE_COMPILATION_CONDITIONS = DEBUG;
				SWIFT_OPTIMIZATION_LEVEL = "-Onone";
			};
			name = Debug;
		};
		CF31326729782D3A00B6D291 /* Release */ = {
			isa = XCBuildConfiguration;
			buildSettings = {
				ALWAYS_SEARCH_USER_PATHS = NO;
				CLANG_ANALYZER_NONNULL = YES;
				CLANG_ANALYZER_NUMBER_OBJECT_CONVERSION = YES_AGGRESSIVE;
				CLANG_CXX_LANGUAGE_STANDARD = "gnu++20";
				CLANG_ENABLE_MODULES = YES;
				CLANG_ENABLE_OBJC_ARC = YES;
				CLANG_ENABLE_OBJC_WEAK = YES;
				CLANG_WARN_BLOCK_CAPTURE_AUTORELEASING = YES;
				CLANG_WARN_BOOL_CONVERSION = YES;
				CLANG_WARN_COMMA = YES;
				CLANG_WARN_CONSTANT_CONVERSION = YES;
				CLANG_WARN_DEPRECATED_OBJC_IMPLEMENTATIONS = YES;
				CLANG_WARN_DIRECT_OBJC_ISA_USAGE = YES_ERROR;
				CLANG_WARN_DOCUMENTATION_COMMENTS = YES;
				CLANG_WARN_EMPTY_BODY = YES;
				CLANG_WARN_ENUM_CONVERSION = YES;
				CLANG_WARN_INFINITE_RECURSION = YES;
				CLANG_WARN_INT_CONVERSION = YES;
				CLANG_WARN_NON_LITERAL_NULL_CONVERSION = YES;
				CLANG_WARN_OBJC_IMPLICIT_RETAIN_SELF = YES;
				CLANG_WARN_OBJC_LITERAL_CONVERSION = YES;
				CLANG_WARN_OBJC_ROOT_CLASS = YES_ERROR;
				CLANG_WARN_QUOTED_INCLUDE_IN_FRAMEWORK_HEADER = YES;
				CLANG_WARN_RANGE_LOOP_ANALYSIS = YES;
				CLANG_WARN_STRICT_PROTOTYPES = YES;
				CLANG_WARN_SUSPICIOUS_MOVE = YES;
				CLANG_WARN_UNGUARDED_AVAILABILITY = YES_AGGRESSIVE;
				CLANG_WARN_UNREACHABLE_CODE = YES;
				CLANG_WARN__DUPLICATE_METHOD_MATCH = YES;
				COPY_PHASE_STRIP = NO;
				DEBUG_INFORMATION_FORMAT = "dwarf-with-dsym";
				ENABLE_NS_ASSERTIONS = NO;
				ENABLE_STRICT_OBJC_MSGSEND = YES;
				GCC_C_LANGUAGE_STANDARD = gnu11;
				GCC_NO_COMMON_BLOCKS = YES;
				GCC_WARN_64_TO_32_BIT_CONVERSION = YES;
				GCC_WARN_ABOUT_RETURN_TYPE = YES_ERROR;
				GCC_WARN_UNDECLARED_SELECTOR = YES;
				GCC_WARN_UNINITIALIZED_AUTOS = YES_AGGRESSIVE;
				GCC_WARN_UNUSED_FUNCTION = YES;
				GCC_WARN_UNUSED_VARIABLE = YES;
				IPHONEOS_DEPLOYMENT_TARGET = 16.2;
				MTL_ENABLE_DEBUG_INFO = NO;
				MTL_FAST_MATH = YES;
				SDKROOT = iphoneos;
				SWIFT_COMPILATION_MODE = wholemodule;
				SWIFT_OPTIMIZATION_LEVEL = "-O";
				VALIDATE_PRODUCT = YES;
			};
			name = Release;
		};
		CF31326929782D3A00B6D291 /* Debug */ = {
			isa = XCBuildConfiguration;
			baseConfigurationReference = C4B4C143753746AD6E57F3A0 /* Pods-all-done.debug.xcconfig */;
			buildSettings = {
				ASSETCATALOG_COMPILER_APPICON_NAME = AppIcon;
				ASSETCATALOG_COMPILER_GLOBAL_ACCENT_COLOR_NAME = AccentColor;
				CODE_SIGN_STYLE = Automatic;
				CURRENT_PROJECT_VERSION = 1;
				DEVELOPMENT_ASSET_PATHS = "\"all-done/Preview Content\"";
				DEVELOPMENT_TEAM = TSD48FQVNH;
				ENABLE_PREVIEWS = YES;
				GENERATE_INFOPLIST_FILE = YES;
				INFOPLIST_FILE = "all-done/Info.plist";
				INFOPLIST_KEY_UIApplicationSupportsIndirectInputEvents = YES;
				INFOPLIST_KEY_UILaunchScreen_Generation = YES;
				INFOPLIST_KEY_UISupportedInterfaceOrientations_iPad = "UIInterfaceOrientationPortrait UIInterfaceOrientationPortraitUpsideDown UIInterfaceOrientationLandscapeLeft UIInterfaceOrientationLandscapeRight";
				INFOPLIST_KEY_UISupportedInterfaceOrientations_iPhone = "UIInterfaceOrientationPortrait UIInterfaceOrientationLandscapeLeft UIInterfaceOrientationLandscapeRight";
				LD_RUNPATH_SEARCH_PATHS = (
					"$(inherited)",
					"@executable_path/Frameworks",
				);
				MARKETING_VERSION = 1.0;
				PRODUCT_BUNDLE_IDENTIFIER = "com.kngrnr.all-done";
				PRODUCT_NAME = "$(TARGET_NAME)";
				SWIFT_EMIT_LOC_STRINGS = YES;
				SWIFT_VERSION = 5.0;
				TARGETED_DEVICE_FAMILY = "1,2";
			};
			name = Debug;
		};
		CF31326A29782D3A00B6D291 /* Release */ = {
			isa = XCBuildConfiguration;
			baseConfigurationReference = 522D5F20C8A84EE1CA8A8C06 /* Pods-all-done.release.xcconfig */;
			buildSettings = {
				ASSETCATALOG_COMPILER_APPICON_NAME = AppIcon;
				ASSETCATALOG_COMPILER_GLOBAL_ACCENT_COLOR_NAME = AccentColor;
				CODE_SIGN_STYLE = Automatic;
				CURRENT_PROJECT_VERSION = 1;
				DEVELOPMENT_ASSET_PATHS = "\"all-done/Preview Content\"";
				DEVELOPMENT_TEAM = TSD48FQVNH;
				ENABLE_PREVIEWS = YES;
				GENERATE_INFOPLIST_FILE = YES;
				INFOPLIST_FILE = "all-done/Info.plist";
				INFOPLIST_KEY_UIApplicationSupportsIndirectInputEvents = YES;
				INFOPLIST_KEY_UILaunchScreen_Generation = YES;
				INFOPLIST_KEY_UISupportedInterfaceOrientations_iPad = "UIInterfaceOrientationPortrait UIInterfaceOrientationPortraitUpsideDown UIInterfaceOrientationLandscapeLeft UIInterfaceOrientationLandscapeRight";
				INFOPLIST_KEY_UISupportedInterfaceOrientations_iPhone = "UIInterfaceOrientationPortrait UIInterfaceOrientationLandscapeLeft UIInterfaceOrientationLandscapeRight";
				LD_RUNPATH_SEARCH_PATHS = (
					"$(inherited)",
					"@executable_path/Frameworks",
				);
				MARKETING_VERSION = 1.0;
				PRODUCT_BUNDLE_IDENTIFIER = "com.kngrnr.all-done";
				PRODUCT_NAME = "$(TARGET_NAME)";
				SWIFT_EMIT_LOC_STRINGS = YES;
				SWIFT_VERSION = 5.0;
				TARGETED_DEVICE_FAMILY = "1,2";
			};
			name = Release;
		};
/* End XCBuildConfiguration section */

/* Begin XCConfigurationList section */
		CF31325529782D3900B6D291 /* Build configuration list for PBXProject "all-done" */ = {
			isa = XCConfigurationList;
			buildConfigurations = (
				CF31326629782D3A00B6D291 /* Debug */,
				CF31326729782D3A00B6D291 /* Release */,
			);
			defaultConfigurationIsVisible = 0;
			defaultConfigurationName = Release;
		};
		CF31326829782D3A00B6D291 /* Build configuration list for PBXNativeTarget "all-done" */ = {
			isa = XCConfigurationList;
			buildConfigurations = (
				CF31326929782D3A00B6D291 /* Debug */,
				CF31326A29782D3A00B6D291 /* Release */,
			);
			defaultConfigurationIsVisible = 0;
			defaultConfigurationName = Release;
		};
/* End XCConfigurationList section */
	};
	rootObject = CF31325229782D3900B6D291 /* Project object */;
}
